
Microsoft Visual Studio Solution File, Format Version 12.00
# Visual Studio Version 17
VisualStudioVersion = 17.5.33414.496
MinimumVisualStudioVersion = 10.0.40219.1
Project("{9A19103F-16F7-4668-BE54-9A1E7A4F7556}") = "ZodiacSignProject", "ZodiacSignProject\ZodiacSignProject.csproj", "{11470C14-8FAD-4738-8571-6C8E49DE4C15}"
EndProject
Project("{9A19103F-16F7-4668-BE54-9A1E7A4F7556}") = "ZodiacSignLibrary", "ZodiacSignLibrary\ZodiacSignLibrary.csproj", "{A37CE089-ABDF-4D38-8261-B93F4562F287}"
EndProject
Project("{2150E333-8FDC-42A3-9474-1A3956D46DE8}") = "Solution Items", "Solution Items", "{8925751C-1506-44D2-AAD1-C722661708B5}"
	ProjectSection(SolutionItems) = preProject
		.editorconfig = .editorconfig
	EndProjectSection
EndProject
Global
	GlobalSection(SolutionConfigurationPlatforms) = preSolution
		Debug|Any CPU = Debug|Any CPU
		Release|Any CPU = Release|Any CPU
	EndGlobalSection
	GlobalSection(ProjectConfigurationPlatforms) = postSolution
		{11470C14-8FAD-4738-8571-6C8E49DE4C15}.Debug|Any CPU.ActiveCfg = Debug|Any CPU
		{11470C14-8FAD-4738-8571-6C8E49DE4C15}.Debug|Any CPU.Build.0 = Debug|Any CPU
		{11470C14-8FAD-4738-8571-6C8E49DE4C15}.Release|Any CPU.ActiveCfg = Release|Any CPU
		{11470C14-8FAD-4738-8571-6C8E49DE4C15}.Release|Any CPU.Build.0 = Release|Any CPU
		{A37CE089-ABDF-4D38-8261-B93F4562F287}.Debug|Any CPU.ActiveCfg = Debug|Any CPU
		{A37CE089-ABDF-4D38-8261-B93F4562F287}.Debug|Any CPU.Build.0 = Debug|Any CPU
		{A37CE089-ABDF-4D38-8261-B93F4562F287}.Release|Any CPU.ActiveCfg = Release|Any CPU
		{A37CE089-ABDF-4D38-8261-B93F4562F287}.Release|Any CPU.Build.0 = Release|Any CPU
	EndGlobalSection
	GlobalSection(SolutionProperties) = preSolution
		HideSolutionNode = FALSE
	EndGlobalSection
	GlobalSection(ExtensibilityGlobals) = postSolution
		SolutionGuid = {122433FA-2B8E-4F26-B4C3-E4C9552D3A46}
	EndGlobalSection
EndGlobal
